{
  "nodes": {
    "nixpkgs": {
      "locked": {
        "lastModified": 1635062397,
        "narHash": "sha256-szY5Oskdicx4A3Zj7wPPhjibKl6sIuccVPlNqaKtXO8=",
        "owner": "NixOS",
        "repo": "nixpkgs",
        "rev": "0398f79c295cb3c267952121a63f0a02b44f713d",
        "type": "github"
      },
      "original": {
        "owner": "NixOS",
        "repo": "nixpkgs",
        "type": "github"
      }
    },
    "root": {
      "inputs": {
        "nixpkgs": "nixpkgs"
      }
    }
  },
  "root": "root",
  "version": 7
}
